
Microsoft Visual Studio Solution File, Format Version 12.00
Project("{FAE04EC0-301F-11D3-BF4B-00C04F79EFBC}") = "API", "API\API.csproj", "{AD351594-E1C2-44F8-AF6E-76A6AD06A394}"
EndProject
Project("{FAE04EC0-301F-11D3-BF4B-00C04F79EFBC}") = "MyTest.Client", "MyTest.Client\MyTest.Client.csproj", "{05C3BA95-009C-4E7E-BBE0-E81408C6A823}"
EndProject
Global
	GlobalSection(SolutionConfigurationPlatforms) = preSolution
		Debug|Any CPU = Debug|Any CPU
		Release|Any CPU = Release|Any CPU
	EndGlobalSection
	GlobalSection(ProjectConfigurationPlatforms) = postSolution
		{AD351594-E1C2-44F8-AF6E-76A6AD06A394}.Debug|Any CPU.ActiveCfg = Debug|Any CPU
		{AD351594-E1C2-44F8-AF6E-76A6AD06A394}.Debug|Any CPU.Build.0 = Debug|Any CPU
		{AD351594-E1C2-44F8-AF6E-76A6AD06A394}.Release|Any CPU.ActiveCfg = Release|Any CPU
		{AD351594-E1C2-44F8-AF6E-76A6AD06A394}.Release|Any CPU.Build.0 = Release|Any CPU
		{05C3BA95-009C-4E7E-BBE0-E81408C6A823}.Debug|Any CPU.ActiveCfg = Debug|Any CPU
		{05C3BA95-009C-4E7E-BBE0-E81408C6A823}.Debug|Any CPU.Build.0 = Debug|Any CPU
		{05C3BA95-009C-4E7E-BBE0-E81408C6A823}.Release|Any CPU.ActiveCfg = Release|Any CPU
		{05C3BA95-009C-4E7E-BBE0-E81408C6A823}.Release|Any CPU.Build.0 = Release|Any CPU
	EndGlobalSection
EndGlobal
